
Microsoft Visual Studio Solution File, Format Version 12.00
# Visual Studio Version 16
VisualStudioVersion = 16.0.30907.101
MinimumVisualStudioVersion = 10.0.40219.1
Project("{8BC9CEB8-8B4A-11D0-8D11-00A0C91BC942}") = "Шумицкая_5", "Шумицкая_5.vcxproj", "{2555CB7A-0F23-44A7-BA8A-B7E000F69A57}"
EndProject
Global
	GlobalSection(SolutionConfigurationPlatforms) = preSolution
		Debug|x64 = Debug|x64
		Debug|x86 = Debug|x86
		Release|x64 = Release|x64
		Release|x86 = Release|x86
	EndGlobalSection
	GlobalSection(ProjectConfigurationPlatforms) = postSolution
		{2555CB7A-0F23-44A7-BA8A-B7E000F69A57}.Debug|x64.ActiveCfg = Debug|x64
		{2555CB7A-0F23-44A7-BA8A-B7E000F69A57}.Debug|x64.Build.0 = Debug|x64
		{2555CB7A-0F23-44A7-BA8A-B7E000F69A57}.Debug|x86.ActiveCfg = Debug|Win32
		{2555CB7A-0F23-44A7-BA8A-B7E000F69A57}.Debug|x86.Build.0 = Debug|Win32
		{2555CB7A-0F23-44A7-BA8A-B7E000F69A57}.Release|x64.ActiveCfg = Release|x64
		{2555CB7A-0F23-44A7-BA8A-B7E000F69A57}.Release|x64.Build.0 = Release|x64
		{2555CB7A-0F23-44A7-BA8A-B7E000F69A57}.Release|x86.ActiveCfg = Release|Win32
		{2555CB7A-0F23-44A7-BA8A-B7E000F69A57}.Release|x86.Build.0 = Release|Win32
	EndGlobalSection
	GlobalSection(SolutionProperties) = preSolution
		HideSolutionNode = FALSE
	EndGlobalSection
	GlobalSection(ExtensibilityGlobals) = postSolution
		SolutionGuid = {1E1AEC87-1D51-4148-8D9C-C5283C149FB5}
	EndGlobalSection
EndGlobal
